
Microsoft Visual Studio Solution File, Format Version 12.00
# Visual Studio Version 16
VisualStudioVersion = 16.0.31613.86
MinimumVisualStudioVersion = 10.0.40219.1
Project("{FAE04EC0-301F-11D3-BF4B-00C04F79EFBC}") = "Laboratorio3", "Laboratorio3\Laboratorio3.csproj", "{6168FE4A-3894-45CD-B5DE-22B2986EF0D2}"
EndProject
Project("{FAE04EC0-301F-11D3-BF4B-00C04F79EFBC}") = "Laboratorio3.Tests", "Laboratorio3.Tests\Laboratorio3.Tests.csproj", "{DD112C94-CE98-4A6E-9EF0-6BEFDF6C780A}"
EndProject
Global
	GlobalSection(SolutionConfigurationPlatforms) = preSolution
		Debug|Any CPU = Debug|Any CPU
		Release|Any CPU = Release|Any CPU
	EndGlobalSection
	GlobalSection(ProjectConfigurationPlatforms) = postSolution
		{6168FE4A-3894-45CD-B5DE-22B2986EF0D2}.Debug|Any CPU.ActiveCfg = Debug|Any CPU
		{6168FE4A-3894-45CD-B5DE-22B2986EF0D2}.Debug|Any CPU.Build.0 = Debug|Any CPU
		{6168FE4A-3894-45CD-B5DE-22B2986EF0D2}.Release|Any CPU.ActiveCfg = Release|Any CPU
		{6168FE4A-3894-45CD-B5DE-22B2986EF0D2}.Release|Any CPU.Build.0 = Release|Any CPU
		{DD112C94-CE98-4A6E-9EF0-6BEFDF6C780A}.Debug|Any CPU.ActiveCfg = Debug|Any CPU
		{DD112C94-CE98-4A6E-9EF0-6BEFDF6C780A}.Debug|Any CPU.Build.0 = Debug|Any CPU
		{DD112C94-CE98-4A6E-9EF0-6BEFDF6C780A}.Release|Any CPU.ActiveCfg = Release|Any CPU
		{DD112C94-CE98-4A6E-9EF0-6BEFDF6C780A}.Release|Any CPU.Build.0 = Release|Any CPU
	EndGlobalSection
	GlobalSection(SolutionProperties) = preSolution
		HideSolutionNode = FALSE
	EndGlobalSection
	GlobalSection(ExtensibilityGlobals) = postSolution
		SolutionGuid = {0764B2DA-47F7-4917-AB73-CA064B4A4BC8}
	EndGlobalSection
EndGlobal
